
Microsoft Visual Studio Solution File, Format Version 12.00
Project("{FAE04EC0-301F-11D3-BF4B-00C04F79EFBC}") = "Payeh", "Payeh\Payeh.csproj", "{E5C4E8D5-1D3E-4DC6-8CA6-C2D6C60F29E3}"
EndProject
Project("{FAE04EC0-301F-11D3-BF4B-00C04F79EFBC}") = "Payeh.Test.Api", "Payeh.Test.Api\Payeh.Test.Api.csproj", "{975168B4-66AF-4F19-9AFB-6008E6056F70}"
EndProject
Project("{FAE04EC0-301F-11D3-BF4B-00C04F79EFBC}") = "Payeh.Messaging", "Payeh.Messaging\Payeh.Messaging.csproj", "{047A10C8-9534-4F4D-BC5A-6BFF19A5FEF7}"
EndProject
Project("{FAE04EC0-301F-11D3-BF4B-00C04F79EFBC}") = "Payeh.Messaging.RabbitMQ", "Payeh.Messaging.RabbitMQ\Payeh.Messaging.RabbitMQ.csproj", "{78978410-CB9C-47F5-8477-3D53C8711BBE}"
EndProject
Project("{FAE04EC0-301F-11D3-BF4B-00C04F79EFBC}") = "Payeh.Scheduler", "Payeh.Scheduler\Payeh.Scheduler.csproj", "{3B296C1B-68CB-4AAC-BB1E-9C5B7637B09E}"
EndProject
Project("{FAE04EC0-301F-11D3-BF4B-00C04F79EFBC}") = "Payeh.Api", "Payeh.Api\Payeh.Api.csproj", "{0648881F-5F7B-4167-B35A-B066FA49E78F}"
EndProject
Global
	GlobalSection(SolutionConfigurationPlatforms) = preSolution
		Debug|Any CPU = Debug|Any CPU
		Release|Any CPU = Release|Any CPU
	EndGlobalSection
	GlobalSection(ProjectConfigurationPlatforms) = postSolution
		{E5C4E8D5-1D3E-4DC6-8CA6-C2D6C60F29E3}.Debug|Any CPU.ActiveCfg = Debug|Any CPU
		{E5C4E8D5-1D3E-4DC6-8CA6-C2D6C60F29E3}.Debug|Any CPU.Build.0 = Debug|Any CPU
		{E5C4E8D5-1D3E-4DC6-8CA6-C2D6C60F29E3}.Release|Any CPU.ActiveCfg = Release|Any CPU
		{E5C4E8D5-1D3E-4DC6-8CA6-C2D6C60F29E3}.Release|Any CPU.Build.0 = Release|Any CPU
		{975168B4-66AF-4F19-9AFB-6008E6056F70}.Debug|Any CPU.ActiveCfg = Debug|Any CPU
		{975168B4-66AF-4F19-9AFB-6008E6056F70}.Debug|Any CPU.Build.0 = Debug|Any CPU
		{975168B4-66AF-4F19-9AFB-6008E6056F70}.Release|Any CPU.ActiveCfg = Release|Any CPU
		{975168B4-66AF-4F19-9AFB-6008E6056F70}.Release|Any CPU.Build.0 = Release|Any CPU
		{047A10C8-9534-4F4D-BC5A-6BFF19A5FEF7}.Debug|Any CPU.ActiveCfg = Debug|Any CPU
		{047A10C8-9534-4F4D-BC5A-6BFF19A5FEF7}.Debug|Any CPU.Build.0 = Debug|Any CPU
		{047A10C8-9534-4F4D-BC5A-6BFF19A5FEF7}.Release|Any CPU.ActiveCfg = Release|Any CPU
		{047A10C8-9534-4F4D-BC5A-6BFF19A5FEF7}.Release|Any CPU.Build.0 = Release|Any CPU
		{78978410-CB9C-47F5-8477-3D53C8711BBE}.Debug|Any CPU.ActiveCfg = Debug|Any CPU
		{78978410-CB9C-47F5-8477-3D53C8711BBE}.Debug|Any CPU.Build.0 = Debug|Any CPU
		{78978410-CB9C-47F5-8477-3D53C8711BBE}.Release|Any CPU.ActiveCfg = Release|Any CPU
		{78978410-CB9C-47F5-8477-3D53C8711BBE}.Release|Any CPU.Build.0 = Release|Any CPU
		{3B296C1B-68CB-4AAC-BB1E-9C5B7637B09E}.Debug|Any CPU.ActiveCfg = Debug|Any CPU
		{3B296C1B-68CB-4AAC-BB1E-9C5B7637B09E}.Debug|Any CPU.Build.0 = Debug|Any CPU
		{3B296C1B-68CB-4AAC-BB1E-9C5B7637B09E}.Release|Any CPU.ActiveCfg = Release|Any CPU
		{3B296C1B-68CB-4AAC-BB1E-9C5B7637B09E}.Release|Any CPU.Build.0 = Release|Any CPU
		{0648881F-5F7B-4167-B35A-B066FA49E78F}.Debug|Any CPU.ActiveCfg = Debug|Any CPU
		{0648881F-5F7B-4167-B35A-B066FA49E78F}.Debug|Any CPU.Build.0 = Debug|Any CPU
		{0648881F-5F7B-4167-B35A-B066FA49E78F}.Release|Any CPU.ActiveCfg = Release|Any CPU
		{0648881F-5F7B-4167-B35A-B066FA49E78F}.Release|Any CPU.Build.0 = Release|Any CPU
	EndGlobalSection
EndGlobal
