
Microsoft Visual Studio Solution File, Format Version 12.00
Project("{FAE04EC0-301F-11D3-BF4B-00C04F79EFBC}") = "Payeh.Common", "Payeh.Common\Payeh.Common.csproj", "{BED4613C-6115-4227-9B3E-AB7667D32CB1}"
EndProject
Global
	GlobalSection(SolutionConfigurationPlatforms) = preSolution
		Debug|Any CPU = Debug|Any CPU
		Release|Any CPU = Release|Any CPU
	EndGlobalSection
	GlobalSection(ProjectConfigurationPlatforms) = postSolution
		{BED4613C-6115-4227-9B3E-AB7667D32CB1}.Debug|Any CPU.ActiveCfg = Debug|Any CPU
		{BED4613C-6115-4227-9B3E-AB7667D32CB1}.Debug|Any CPU.Build.0 = Debug|Any CPU
		{BED4613C-6115-4227-9B3E-AB7667D32CB1}.Release|Any CPU.ActiveCfg = Release|Any CPU
		{BED4613C-6115-4227-9B3E-AB7667D32CB1}.Release|Any CPU.Build.0 = Release|Any CPU
	EndGlobalSection
EndGlobal
